
Microsoft Visual Studio Solution File, Format Version 12.00
# Visual Studio Version 17
VisualStudioVersion = 17.12.35527.113
MinimumVisualStudioVersion = 10.0.40219.1
Project("{FAE04EC0-301F-11D3-BF4B-00C04F79EFBC}") = "Torts.Android", "Torts.Android\Torts.Android.csproj", "{C96DF380-265A-463B-9184-81EC06D157D7}"
EndProject
Project("{FAE04EC0-301F-11D3-BF4B-00C04F79EFBC}") = "Torts", "Torts\Torts.csproj", "{17F88FEE-9852-413E-82E3-E84BF11EF1F5}"
EndProject
Project("{2150E333-8FDC-42A3-9474-1A3956D46DE8}") = "Элементы решения", "Элементы решения", "{6D42D7AA-14D5-4E7A-9B18-35B369409197}"
	ProjectSection(SolutionItems) = preProject
		mystyles.css = mystyles.css
	EndProjectSection
EndProject
Global
	GlobalSection(SolutionConfigurationPlatforms) = preSolution
		Debug|Any CPU = Debug|Any CPU
		Release|Any CPU = Release|Any CPU
	EndGlobalSection
	GlobalSection(ProjectConfigurationPlatforms) = postSolution
		{C96DF380-265A-463B-9184-81EC06D157D7}.Debug|Any CPU.ActiveCfg = Debug|Any CPU
		{C96DF380-265A-463B-9184-81EC06D157D7}.Debug|Any CPU.Build.0 = Debug|Any CPU
		{C96DF380-265A-463B-9184-81EC06D157D7}.Debug|Any CPU.Deploy.0 = Debug|Any CPU
		{C96DF380-265A-463B-9184-81EC06D157D7}.Release|Any CPU.ActiveCfg = Release|Any CPU
		{C96DF380-265A-463B-9184-81EC06D157D7}.Release|Any CPU.Build.0 = Release|Any CPU
		{C96DF380-265A-463B-9184-81EC06D157D7}.Release|Any CPU.Deploy.0 = Release|Any CPU
		{17F88FEE-9852-413E-82E3-E84BF11EF1F5}.Debug|Any CPU.ActiveCfg = Debug|Any CPU
		{17F88FEE-9852-413E-82E3-E84BF11EF1F5}.Debug|Any CPU.Build.0 = Debug|Any CPU
		{17F88FEE-9852-413E-82E3-E84BF11EF1F5}.Debug|Any CPU.Deploy.0 = Debug|Any CPU
		{17F88FEE-9852-413E-82E3-E84BF11EF1F5}.Release|Any CPU.ActiveCfg = Release|Any CPU
		{17F88FEE-9852-413E-82E3-E84BF11EF1F5}.Release|Any CPU.Build.0 = Release|Any CPU
		{17F88FEE-9852-413E-82E3-E84BF11EF1F5}.Release|Any CPU.Deploy.0 = Release|Any CPU
	EndGlobalSection
	GlobalSection(SolutionProperties) = preSolution
		HideSolutionNode = FALSE
	EndGlobalSection
EndGlobal
